// !$*UTF8*$!
{
	archiveVersion = 1;
	classes = {
	};
	objectVersion = 50;
	objects = {

/* Begin PBXBuildFile section */
		992F90B3222D96F90098E8F1 /* AppDelegate.swift in Sources */ = {isa = PBXBuildFile; fileRef = 992F90B2222D96F90098E8F1 /* AppDelegate.swift */; };
		992F90B5222D96F90098E8F1 /* ViewController.swift in Sources */ = {isa = PBXBuildFile; fileRef = 992F90B4222D96F90098E8F1 /* ViewController.swift */; };
		992F90B8222D96F90098E8F1 /* Main.storyboard in Resources */ = {isa = PBXBuildFile; fileRef = 992F90B6222D96F90098E8F1 /* Main.storyboard */; };
		992F90BA222D96FB0098E8F1 /* Assets.xcassets in Resources */ = {isa = PBXBuildFile; fileRef = 992F90B9222D96FB0098E8F1 /* Assets.xcassets */; };
		992F90BD222D96FB0098E8F1 /* LaunchScreen.storyboard in Resources */ = {isa = PBXBuildFile; fileRef = 992F90BB222D96FB0098E8F1 /* LaunchScreen.storyboard */; };
		992F90C8222D96FB0098E8F1 /* QuizUpTests.swift in Sources */ = {isa = PBXBuildFile; fileRef = 992F90C7222D96FB0098E8F1 /* QuizUpTests.swift */; };
		992F90D3222D96FB0098E8F1 /* QuizUpUITests.swift in Sources */ = {isa = PBXBuildFile; fileRef = 992F90D2222D96FB0098E8F1 /* QuizUpUITests.swift */; };
/* End PBXBuildFile section */

/* Begin PBXContainerItemProxy section */
		992F90C4222D96FB0098E8F1 /* PBXContainerItemProxy */ = {
			isa = PBXContainerItemProxy;
			containerPortal = 992F90A7222D96F90098E8F1 /* Project object */;
			proxyType = 1;
			remoteGlobalIDString = 992F90AE222D96F90098E8F1;
			remoteInfo = QuizUp;
		};
		992F90CF222D96FB0098E8F1 /* PBXContainerItemProxy */ = {
			isa = PBXContainerItemProxy;
			containerPortal = 992F90A7222D96F90098E8F1 /* Project object */;
			proxyType = 1;
			remoteGlobalIDString = 992F90AE222D96F90098E8F1;
			remoteInfo = QuizUp;
		};
/* End PBXContainerItemProxy section */

/* Begin PBXFileReference section */
		992F90AF222D96F90098E8F1 /* QuizUp.app */ = {isa = PBXFileReference; explicitFileType = wrapper.application; includeInIndex = 0; path = QuizUp.app; sourceTree = BUILT_PRODUCTS_DIR; };
		992F90B2222D96F90098E8F1 /* AppDelegate.swift */ = {isa = PBXFileReference; lastKnownFileType = sourcecode.swift; path = AppDelegate.swift; sourceTree = "<group>"; };
		992F90B4222D96F90098E8F1 /* ViewController.swift */ = {isa = PBXFileReference; lastKnownFileType = sourcecode.swift; path = ViewController.swift; sourceTree = "<group>"; };
		992F90B7222D96F90098E8F1 /* Base */ = {isa = PBXFileReference; lastKnownFileType = file.storyboard; name = Base; path = Base.lproj/Main.storyboard; sourceTree = "<group>"; };
		992F90B9222D96FB0098E8F1 /* Assets.xcassets */ = {isa = PBXFileReference; lastKnownFileType = folder.assetcatalog; path = Assets.xcassets; sourceTree = "<group>"; };
		992F90BC222D96FB0098E8F1 /* Base */ = {isa = PBXFileReference; lastKnownFileType = file.storyboard; name = Base; path = Base.lproj/LaunchScreen.storyboard; sourceTree = "<group>"; };
		992F90BE222D96FB0098E8F1 /* Info.plist */ = {isa = PBXFileReference; lastKnownFileType = text.plist.xml; path = Info.plist; sourceTree = "<group>"; };
		992F90C3222D96FB0098E8F1 /* QuizUpTests.xctest */ = {isa = PBXFileReference; explicitFileType = wrapper.cfbundle; includeInIndex = 0; path = QuizUpTests.xctest; sourceTree = BUILT_PRODUCTS_DIR; };
		992F90C7222D96FB0098E8F1 /* QuizUpTests.swift */ = {isa = PBXFileReference; lastKnownFileType = sourcecode.swift; path = QuizUpTests.swift; sourceTree = "<group>"; };
		992F90C9222D96FB0098E8F1 /* Info.plist */ = {isa = PBXFileReference; lastKnownFileType = text.plist.xml; path = Info.plist; sourceTree = "<group>"; };
		992F90CE222D96FB0098E8F1 /* QuizUpUITests.xctest */ = {isa = PBXFileReference; explicitFileType = wrapper.cfbundle; includeInIndex = 0; path = QuizUpUITests.xctest; sourceTree = BUILT_PRODUCTS_DIR; };
		992F90D2222D96FB0098E8F1 /* QuizUpUITests.swift */ = {isa = PBXFileReference; lastKnownFileType = sourcecode.swift; path = QuizUpUITests.swift; sourceTree = "<group>"; };
		992F90D4222D96FB0098E8F1 /* Info.plist */ = {isa = PBXFileReference; lastKnownFileType = text.plist.xml; path = Info.plist; sourceTree = "<group>"; };
/* End PBXFileReference section */

/* Begin PBXFrameworksBuildPhase section */
		992F90AC222D96F90098E8F1 /* Frameworks */ = {
			isa = PBXFrameworksBuildPhase;
			buildActionMask = 2147483647;
			files = (
			);
			runOnlyForDeploymentPostprocessing = 0;
		};
		992F90C0222D96FB0098E8F1 /* Frameworks */ = {
			isa = PBXFrameworksBuildPhase;
			buildActionMask = 2147483647;
			files = (
			);
			runOnlyForDeploymentPostprocessing = 0;
		};
		992F90CB222D96FB0098E8F1 /* Frameworks */ = {
			isa = PBXFrameworksBuildPhase;
			buildActionMask = 2147483647;
			files = (
			);
			runOnlyForDeploymentPostprocessing = 0;
		};
/* End PBXFrameworksBuildPhase section */

/* Begin PBXGroup section */
		992F90A6222D96F90098E8F1 = {
			isa = PBXGroup;
			children = (
				992F90B1222D96F90098E8F1 /* QuizUp */,
				992F90C6222D96FB0098E8F1 /* QuizUpTests */,
				992F90D1222D96FB0098E8F1 /* QuizUpUITests */,
				992F90B0222D96F90098E8F1 /* Products */,
			);
			sourceTree = "<group>";
		};
		992F90B0222D96F90098E8F1 /* Products */ = {
			isa = PBXGroup;
			children = (
				992F90AF222D96F90098E8F1 /* QuizUp.app */,
				992F90C3222D96FB0098E8F1 /* QuizUpTests.xctest */,
				992F90CE222D96FB0098E8F1 /* QuizUpUITests.xctest */,
			);
			name = Products;
			sourceTree = "<group>";
		};
		992F90B1222D96F90098E8F1 /* QuizUp */ = {
			isa = PBXGroup;
			children = (
				992F90B2222D96F90098E8F1 /* AppDelegate.swift */,
				992F90B4222D96F90098E8F1 /* ViewController.swift */,
				992F90B6222D96F90098E8F1 /* Main.storyboard */,
				992F90B9222D96FB0098E8F1 /* Assets.xcassets */,
				992F90BB222D96FB0098E8F1 /* LaunchScreen.storyboard */,
				992F90BE222D96FB0098E8F1 /* Info.plist */,
			);
			path = QuizUp;
			sourceTree = "<group>";
		};
		992F90C6222D96FB0098E8F1 /* QuizUpTests */ = {
			isa = PBXGroup;
			children = (
				992F90C7222D96FB0098E8F1 /* QuizUpTests.swift */,
				992F90C9222D96FB0098E8F1 /* Info.plist */,
			);
			path = QuizUpTests;
			sourceTree = "<group>";
		};
		992F90D1222D96FB0098E8F1 /* QuizUpUITests */ = {
			isa = PBXGroup;
			children = (
				992F90D2222D96FB0098E8F1 /* QuizUpUITests.swift */,
				992F90D4222D96FB0098E8F1 /* Info.plist */,
			);
			path = QuizUpUITests;
			sourceTree = "<group>";
		};
/* End PBXGroup section */

/* Begin PBXNativeTarget section */
		992F90AE222D96F90098E8F1 /* QuizUp */ = {
			isa = PBXNativeTarget;
			buildConfigurationList = 992F90D7222D96FB0098E8F1 /* Build configuration list for PBXNativeTarget "QuizUp" */;
			buildPhases = (
				992F90AB222D96F90098E8F1 /* Sources */,
				992F90AC222D96F90098E8F1 /* Frameworks */,
				992F90AD222D96F90098E8F1 /* Resources */,
			);
			buildRules = (
			);
			dependencies = (
			);
			name = QuizUp;
			productName = QuizUp;
			productReference = 992F90AF222D96F90098E8F1 /* QuizUp.app */;
			productType = "com.apple.product-type.application";
		};
		992F90C2222D96FB0098E8F1 /* QuizUpTests */ = {
			isa = PBXNativeTarget;
			buildConfigurationList = 992F90DA222D96FB0098E8F1 /* Build configuration list for PBXNativeTarget "QuizUpTests" */;
			buildPhases = (
				992F90BF222D96FB0098E8F1 /* Sources */,
				992F90C0222D96FB0098E8F1 /* Frameworks */,
				992F90C1222D96FB0098E8F1 /* Resources */,
			);
			buildRules = (
			);
			dependencies = (
				992F90C5222D96FB0098E8F1 /* PBXTargetDependency */,
			);
			name = QuizUpTests;
			productName = QuizUpTests;
			productReference = 992F90C3222D96FB0098E8F1 /* QuizUpTests.xctest */;
			productType = "com.apple.product-type.bundle.unit-test";
		};
		992F90CD222D96FB0098E8F1 /* QuizUpUITests */ = {
			isa = PBXNativeTarget;
			buildConfigurationList = 992F90DD222D96FB0098E8F1 /* Build configuration list for PBXNativeTarget "QuizUpUITests" */;
			buildPhases = (
				992F90CA222D96FB0098E8F1 /* Sources */,
				992F90CB222D96FB0098E8F1 /* Frameworks */,
				992F90CC222D96FB0098E8F1 /* Resources */,
			);
			buildRules = (
			);
			dependencies = (
				992F90D0222D96FB0098E8F1 /* PBXTargetDependency */,
			);
			name = QuizUpUITests;
			productName = QuizUpUITests;
			productReference = 992F90CE222D96FB0098E8F1 /* QuizUpUITests.xctest */;
			productType = "com.apple.product-type.bundle.ui-testing";
		};
/* End PBXNativeTarget section */

/* Begin PBXProject section */
		992F90A7222D96F90098E8F1 /* Project object */ = {
			isa = PBXProject;
			attributes = {
				LastSwiftUpdateCheck = 1010;
				LastUpgradeCheck = 1010;
				ORGANIZATIONNAME = "Arthur Belyankov";
				TargetAttributes = {
					992F90AE222D96F90098E8F1 = {
						CreatedOnToolsVersion = 10.1;
					};
					992F90C2222D96FB0098E8F1 = {
						CreatedOnToolsVersion = 10.1;
						TestTargetID = 992F90AE222D96F90098E8F1;
					};
					992F90CD222D96FB0098E8F1 = {
						CreatedOnToolsVersion = 10.1;
						TestTargetID = 992F90AE222D96F90098E8F1;
					};
				};
			};
			buildConfigurationList = 992F90AA222D96F90098E8F1 /* Build configuration list for PBXProject "QuizUp" */;
			compatibilityVersion = "Xcode 9.3";
			developmentRegion = en;
			hasScannedForEncodings = 0;
			knownRegions = (
				en,
				Base,
			);
			mainGroup = 992F90A6222D96F90098E8F1;
			productRefGroup = 992F90B0222D96F90098E8F1 /* Products */;
			projectDirPath = "";
			projectRoot = "";
			targets = (
				992F90AE222D96F90098E8F1 /* QuizUp */,
				992F90C2222D96FB0098E8F1 /* QuizUpTests */,
				992F90CD222D96FB0098E8F1 /* QuizUpUITests */,
			);
		};
/* End PBXProject section */

/* Begin PBXResourcesBuildPhase section */
		992F90AD222D96F90098E8F1 /* Resources */ = {
			isa = PBXResourcesBuildPhase;
			buildActionMask = 2147483647;
			files = (
				992F90BD222D96FB0098E8F1 /* LaunchScreen.storyboard in Resources */,
				992F90BA222D96FB0098E8F1 /* Assets.xcassets in Resources */,
				992F90B8222D96F90098E8F1 /* Main.storyboard in Resources */,
			);
			runOnlyForDeploymentPostprocessing = 0;
		};
		992F90C1222D96FB0098E8F1 /* Resources */ = {
			isa = PBXResourcesBuildPhase;
			buildActionMask = 2147483647;
			files = (
			);
			runOnlyForDeploymentPostprocessing = 0;
		};
		992F90CC222D96FB0098E8F1 /* Resources */ = {
			isa = PBXResourcesBuildPhase;
			buildActionMask = 2147483647;
			files = (
			);
			runOnlyForDeploymentPostprocessing = 0;
		};
/* End PBXResourcesBuildPhase section */

/* Begin PBXSourcesBuildPhase section */
		992F90AB222D96F90098E8F1 /* Sources */ = {
			isa = PBXSourcesBuildPhase;
			buildActionMask = 2147483647;
			files = (
				992F90B5222D96F90098E8F1 /* ViewController.swift in Sources */,
				992F90B3222D96F90098E8F1 /* AppDelegate.swift in Sources */,
			);
			runOnlyForDeploymentPostprocessing = 0;
		};
		992F90BF222D96FB0098E8F1 /* Sources */ = {
			isa = PBXSourcesBuildPhase;
			buildActionMask = 2147483647;
			files = (
				992F90C8222D96FB0098E8F1 /* QuizUpTests.swift in Sources */,
			);
			runOnlyForDeploymentPostprocessing = 0;
		};
		992F90CA222D96FB0098E8F1 /* Sources */ = {
			isa = PBXSourcesBuildPhase;
			buildActionMask = 2147483647;
			files = (
				992F90D3222D96FB0098E8F1 /* QuizUpUITests.swift in Sources */,
			);
			runOnlyForDeploymentPostprocessing = 0;
		};
/* End PBXSourcesBuildPhase section */

/* Begin PBXTargetDependency section */
		992F90C5222D96FB0098E8F1 /* PBXTargetDependency */ = {
			isa = PBXTargetDependency;
			target = 992F90AE222D96F90098E8F1 /* QuizUp */;
			targetProxy = 992F90C4222D96FB0098E8F1 /* PBXContainerItemProxy */;
		};
		992F90D0222D96FB0098E8F1 /* PBXTargetDependency */ = {
			isa = PBXTargetDependency;
			target = 992F90AE222D96F90098E8F1 /* QuizUp */;
			targetProxy = 992F90CF222D96FB0098E8F1 /* PBXContainerItemProxy */;
		};
/* End PBXTargetDependency section */

/* Begin PBXVariantGroup section */
		992F90B6222D96F90098E8F1 /* Main.storyboard */ = {
			isa = PBXVariantGroup;
			children = (
				992F90B7222D96F90098E8F1 /* Base */,
			);
			name = Main.storyboard;
			sourceTree = "<group>";
		};
		992F90BB222D96FB0098E8F1 /* LaunchScreen.storyboard */ = {
			isa = PBXVariantGroup;
			children = (
				992F90BC222D96FB0098E8F1 /* Base */,
			);
			name = LaunchScreen.storyboard;
			sourceTree = "<group>";
		};
/* End PBXVariantGroup section */

/* Begin XCBuildConfiguration section */
		992F90D5222D96FB0098E8F1 /* Debug */ = {
			isa = XCBuildConfiguration;
			buildSettings = {
				ALWAYS_SEARCH_USER_PATHS = NO;
				CLANG_ANALYZER_NONNULL = YES;
				CLANG_ANALYZER_NUMBER_OBJECT_CONVERSION = YES_AGGRESSIVE;
				CLANG_CXX_LANGUAGE_STANDARD = "gnu++14";
				CLANG_CXX_LIBRARY = "libc++";
				CLANG_ENABLE_MODULES = YES;
				CLANG_ENABLE_OBJC_ARC = YES;
				CLANG_ENABLE_OBJC_WEAK = YES;
				CLANG_WARN_BLOCK_CAPTURE_AUTORELEASING = YES;
				CLANG_WARN_BOOL_CONVERSION = YES;
				CLANG_WARN_COMMA = YES;
				CLANG_WARN_CONSTANT_CONVERSION = YES;
				CLANG_WARN_DEPRECATED_OBJC_IMPLEMENTATIONS = YES;
				CLANG_WARN_DIRECT_OBJC_ISA_USAGE = YES_ERROR;
				CLANG_WARN_DOCUMENTATION_COMMENTS = YES;
				CLANG_WARN_EMPTY_BODY = YES;
				CLANG_WARN_ENUM_CONVERSION = YES;
				CLANG_WARN_INFINITE_RECURSION = YES;
				CLANG_WARN_INT_CONVERSION = YES;
				CLANG_WARN_NON_LITERAL_NULL_CONVERSION = YES;
				CLANG_WARN_OBJC_IMPLICIT_RETAIN_SELF = YES;
				CLANG_WARN_OBJC_LITERAL_CONVERSION = YES;
				CLANG_WARN_OBJC_ROOT_CLASS = YES_ERROR;
				CLANG_WARN_RANGE_LOOP_ANALYSIS = YES;
				CLANG_WARN_STRICT_PROTOTYPES = YES;
				CLANG_WARN_SUSPICIOUS_MOVE = YES;
				CLANG_WARN_UNGUARDED_AVAILABILITY = YES_AGGRESSIVE;
				CLANG_WARN_UNREACHABLE_CODE = YES;
				CLANG_WARN__DUPLICATE_METHOD_MATCH = YES;
				CODE_SIGN_IDENTITY = "iPhone Developer";
				COPY_PHASE_STRIP = NO;
				DEBUG_INFORMATION_FORMAT = dwarf;
				ENABLE_STRICT_OBJC_MSGSEND = YES;
				ENABLE_TESTABILITY = YES;
				GCC_C_LANGUAGE_STANDARD = gnu11;
				GCC_DYNAMIC_NO_PIC = NO;
				GCC_NO_COMMON_BLOCKS = YES;
				GCC_OPTIMIZATION_LEVEL = 0;
				GCC_PREPROCESSOR_DEFINITIONS = (
					"DEBUG=1",
					"$(inherited)",
				);
				GCC_WARN_64_TO_32_BIT_CONVERSION = YES;
				GCC_WARN_ABOUT_RETURN_TYPE = YES_ERROR;
				GCC_WARN_UNDECLARED_SELECTOR = YES;
				GCC_WARN_UNINITIALIZED_AUTOS = YES_AGGRESSIVE;
				GCC_WARN_UNUSED_FUNCTION = YES;
				GCC_WARN_UNUSED_VARIABLE = YES;
				IPHONEOS_DEPLOYMENT_TARGET = 12.1;
				MTL_ENABLE_DEBUG_INFO = INCLUDE_SOURCE;
				MTL_FAST_MATH = YES;
				ONLY_ACTIVE_ARCH = YES;
				SDKROOT = iphoneos;
				SWIFT_ACTIVE_COMPILATION_CONDITIONS = DEBUG;
				SWIFT_OPTIMIZATION_LEVEL = "-Onone";
			};
			name = Debug;
		};
		992F90D6222D96FB0098E8F1 /* Release */ = {
			isa = XCBuildConfiguration;
			buildSettings = {
				ALWAYS_SEARCH_USER_PATHS = NO;
				CLANG_ANALYZER_NONNULL = YES;
				CLANG_ANALYZER_NUMBER_OBJECT_CONVERSION = YES_AGGRESSIVE;
				CLANG_CXX_LANGUAGE_STANDARD = "gnu++14";
				CLANG_CXX_LIBRARY = "libc++";
				CLANG_ENABLE_MODULES = YES;
				CLANG_ENABLE_OBJC_ARC = YES;
				CLANG_ENABLE_OBJC_WEAK = YES;
				CLANG_WARN_BLOCK_CAPTURE_AUTORELEASING = YES;
				CLANG_WARN_BOOL_CONVERSION = YES;
				CLANG_WARN_COMMA = YES;
				CLANG_WARN_CONSTANT_CONVERSION = YES;
				CLANG_WARN_DEPRECATED_OBJC_IMPLEMENTATIONS = YES;
				CLANG_WARN_DIRECT_OBJC_ISA_USAGE = YES_ERROR;
				CLANG_WARN_DOCUMENTATION_COMMENTS = YES;
				CLANG_WARN_EMPTY_BODY = YES;
				CLANG_WARN_ENUM_CONVERSION = YES;
				CLANG_WARN_INFINITE_RECURSION = YES;
				CLANG_WARN_INT_CONVERSION = YES;
				CLANG_WARN_NON_LITERAL_NULL_CONVERSION = YES;
				CLANG_WARN_OBJC_IMPLICIT_RETAIN_SELF = YES;
				CLANG_WARN_OBJC_LITERAL_CONVERSION = YES;
				CLANG_WARN_OBJC_ROOT_CLASS = YES_ERROR;
				CLANG_WARN_RANGE_LOOP_ANALYSIS = YES;
				CLANG_WARN_STRICT_PROTOTYPES = YES;
				CLANG_WARN_SUSPICIOUS_MOVE = YES;
				CLANG_WARN_UNGUARDED_AVAILABILITY = YES_AGGRESSIVE;
				CLANG_WARN_UNREACHABLE_CODE = YES;
				CLANG_WARN__DUPLICATE_METHOD_MATCH = YES;
				CODE_SIGN_IDENTITY = "iPhone Developer";
				COPY_PHASE_STRIP = NO;
				DEBUG_INFORMATION_FORMAT = "dwarf-with-dsym";
				ENABLE_NS_ASSERTIONS = NO;
				ENABLE_STRICT_OBJC_MSGSEND = YES;
				GCC_C_LANGUAGE_STANDARD = gnu11;
				GCC_NO_COMMON_BLOCKS = YES;
				GCC_WARN_64_TO_32_BIT_CONVERSION = YES;
				GCC_WARN_ABOUT_RETURN_TYPE = YES_ERROR;
				GCC_WARN_UNDECLARED_SELECTOR = YES;
				GCC_WARN_UNINITIALIZED_AUTOS = YES_AGGRESSIVE;
				GCC_WARN_UNUSED_FUNCTION = YES;
				GCC_WARN_UNUSED_VARIABLE = YES;
				IPHONEOS_DEPLOYMENT_TARGET = 12.1;
				MTL_ENABLE_DEBUG_INFO = NO;
				MTL_FAST_MATH = YES;
				SDKROOT = iphoneos;
				SWIFT_COMPILATION_MODE = wholemodule;
				SWIFT_OPTIMIZATION_LEVEL = "-O";
				VALIDATE_PRODUCT = YES;
			};
			name = Release;
		};
		992F90D8222D96FB0098E8F1 /* Debug */ = {
			isa = XCBuildConfiguration;
			buildSettings = {
				ASSETCATALOG_COMPILER_APPICON_NAME = AppIcon;
				CODE_SIGN_STYLE = Automatic;
				DEVELOPMENT_TEAM = LR2C7293VN;
				INFOPLIST_FILE = QuizUp/Info.plist;
				LD_RUNPATH_SEARCH_PATHS = (
					"$(inherited)",
					"@executable_path/Frameworks",
				);
				PRODUCT_BUNDLE_IDENTIFIER = MobileApplicationDevelopment.QuizUp;
				PRODUCT_NAME = "$(TARGET_NAME)";
				SWIFT_VERSION = 4.2;
				TARGETED_DEVICE_FAMILY = "1,2";
			};
			name = Debug;
		};
		992F90D9222D96FB0098E8F1 /* Release */ = {
			isa = XCBuildConfiguration;
			buildSettings = {
				ASSETCATALOG_COMPILER_APPICON_NAME = AppIcon;
				CODE_SIGN_STYLE = Automatic;
				DEVELOPMENT_TEAM = LR2C7293VN;
				INFOPLIST_FILE = QuizUp/Info.plist;
				LD_RUNPATH_SEARCH_PATHS = (
					"$(inherited)",
					"@executable_path/Frameworks",
				);
				PRODUCT_BUNDLE_IDENTIFIER = MobileApplicationDevelopment.QuizUp;
				PRODUCT_NAME = "$(TARGET_NAME)";
				SWIFT_VERSION = 4.2;
				TARGETED_DEVICE_FAMILY = "1,2";
			};
			name = Release;
		};
		992F90DB222D96FB0098E8F1 /* Debug */ = {
			isa = XCBuildConfiguration;
			buildSettings = {
				ALWAYS_EMBED_SWIFT_STANDARD_LIBRARIES = YES;
				BUNDLE_LOADER = "$(TEST_HOST)";
				CODE_SIGN_STYLE = Automatic;
				DEVELOPMENT_TEAM = LR2C7293VN;
				INFOPLIST_FILE = QuizUpTests/Info.plist;
				LD_RUNPATH_SEARCH_PATHS = (
					"$(inherited)",
					"@executable_path/Frameworks",
					"@loader_path/Frameworks",
				);
				PRODUCT_BUNDLE_IDENTIFIER = MobileApplicationDevelopment.QuizUpTests;
				PRODUCT_NAME = "$(TARGET_NAME)";
				SWIFT_VERSION = 4.2;
				TARGETED_DEVICE_FAMILY = "1,2";
				TEST_HOST = "$(BUILT_PRODUCTS_DIR)/QuizUp.app/QuizUp";
			};
			name = Debug;
		};
		992F90DC222D96FB0098E8F1 /* Release */ = {
			isa = XCBuildConfiguration;
			buildSettings = {
				ALWAYS_EMBED_SWIFT_STANDARD_LIBRARIES = YES;
				BUNDLE_LOADER = "$(TEST_HOST)";
				CODE_SIGN_STYLE = Automatic;
				DEVELOPMENT_TEAM = LR2C7293VN;
				INFOPLIST_FILE = QuizUpTests/Info.plist;
				LD_RUNPATH_SEARCH_PATHS = (
					"$(inherited)",
					"@executable_path/Frameworks",
					"@loader_path/Frameworks",
				);
				PRODUCT_BUNDLE_IDENTIFIER = MobileApplicationDevelopment.QuizUpTests;
				PRODUCT_NAME = "$(TARGET_NAME)";
				SWIFT_VERSION = 4.2;
				TARGETED_DEVICE_FAMILY = "1,2";
				TEST_HOST = "$(BUILT_PRODUCTS_DIR)/QuizUp.app/QuizUp";
			};
			name = Release;
		};
		992F90DE222D96FB0098E8F1 /* Debug */ = {
			isa = XCBuildConfiguration;
			buildSettings = {
				ALWAYS_EMBED_SWIFT_STANDARD_LIBRARIES = YES;
				CODE_SIGN_STYLE = Automatic;
				DEVELOPMENT_TEAM = LR2C7293VN;
				INFOPLIST_FILE = QuizUpUITests/Info.plist;
				LD_RUNPATH_SEARCH_PATHS = (
					"$(inherited)",
					"@executable_path/Frameworks",
					"@loader_path/Frameworks",
				);
				PRODUCT_BUNDLE_IDENTIFIER = MobileApplicationDevelopment.QuizUpUITests;
				PRODUCT_NAME = "$(TARGET_NAME)";
				SWIFT_VERSION = 4.2;
				TARGETED_DEVICE_FAMILY = "1,2";
				TEST_TARGET_NAME = QuizUp;
			};
			name = Debug;
		};
		992F90DF222D96FB0098E8F1 /* Release */ = {
			isa = XCBuildConfiguration;
			buildSettings = {
				ALWAYS_EMBED_SWIFT_STANDARD_LIBRARIES = YES;
				CODE_SIGN_STYLE = Automatic;
				DEVELOPMENT_TEAM = LR2C7293VN;
				INFOPLIST_FILE = QuizUpUITests/Info.plist;
				LD_RUNPATH_SEARCH_PATHS = (
					"$(inherited)",
					"@executable_path/Frameworks",
					"@loader_path/Frameworks",
				);
				PRODUCT_BUNDLE_IDENTIFIER = MobileApplicationDevelopment.QuizUpUITests;
				PRODUCT_NAME = "$(TARGET_NAME)";
				SWIFT_VERSION = 4.2;
				TARGETED_DEVICE_FAMILY = "1,2";
				TEST_TARGET_NAME = QuizUp;
			};
			name = Release;
		};
/* End XCBuildConfiguration section */

/* Begin XCConfigurationList section */
		992F90AA222D96F90098E8F1 /* Build configuration list for PBXProject "QuizUp" */ = {
			isa = XCConfigurationList;
			buildConfigurations = (
				992F90D5222D96FB0098E8F1 /* Debug */,
				992F90D6222D96FB0098E8F1 /* Release */,
			);
			defaultConfigurationIsVisible = 0;
			defaultConfigurationName = Release;
		};
		992F90D7222D96FB0098E8F1 /* Build configuration list for PBXNativeTarget "QuizUp" */ = {
			isa = XCConfigurationList;
			buildConfigurations = (
				992F90D8222D96FB0098E8F1 /* Debug */,
				992F90D9222D96FB0098E8F1 /* Release */,
			);
			defaultConfigurationIsVisible = 0;
			defaultConfigurationName = Release;
		};
		992F90DA222D96FB0098E8F1 /* Build configuration list for PBXNativeTarget "QuizUpTests" */ = {
			isa = XCConfigurationList;
			buildConfigurations = (
				992F90DB222D96FB0098E8F1 /* Debug */,
				992F90DC222D96FB0098E8F1 /* Release */,
			);
			defaultConfigurationIsVisible = 0;
			defaultConfigurationName = Release;
		};
		992F90DD222D96FB0098E8F1 /* Build configuration list for PBXNativeTarget "QuizUpUITests" */ = {
			isa = XCConfigurationList;
			buildConfigurations = (
				992F90DE222D96FB0098E8F1 /* Debug */,
				992F90DF222D96FB0098E8F1 /* Release */,
			);
			defaultConfigurationIsVisible = 0;
			defaultConfigurationName = Release;
		};
/* End XCConfigurationList section */
	};
	rootObject = 992F90A7222D96F90098E8F1 /* Project object */;
}
